schema: '2.0'
stages:
  transform:
    cmd: python main.py preprocess transform --input-file transactions.csv 
      --output-file transaction_fpg.csv --item-id SDeptName
    deps:
    - path: data/raw/transactions.csv
      hash: md5
      md5: 8053c7c27b2d242a5f4f924b6c637204
      size: 287934535
    - path: src/preprocess.py
      hash: md5
      md5: 1c29111a71fd693b4ee0b0ca636e6d33
      size: 6204
  fpgrowth:
    cmd: python main.py association_rules run_fpgrowth --input-file 
      transaction_fpg.csv
    deps:
    - path: src/association_rules.py
      hash: md5
      md5: 1ead799ea8289f3dec111167c94b92ad
      size: 3099
  huim:
    cmd: python main.py association_rules run_huim --input-file 
      transaction_fpg.csv
    deps:
    - path: src/association_rules.py
      hash: md5
      md5: 1ead799ea8289f3dec111167c94b92ad
      size: 3099
  load-data:
    cmd: python main.py load-data run --date 230101 --store-id 399
    deps:
    - path: src/load_data.py
      hash: md5
      md5: 98a09e0cb29660783eb4c7103db36ca4
      size: 1049
  layout-opt-pipeline:
    cmd: python main.py layout-opt run --assoc-rules-path association_rules.csv 
      --freq-itemsets-path frequent_itemsets.csv --layout-real-path layout.csv 
      --n-trials 30
    deps:
    - path: src/run_optimize_layout.py
      hash: md5
      md5: 352d633bef0594bfafbe99cc7fbdbf4b
      size: 1490
  extract_layout:
    cmd: python main.py preprocess extract-layout --pptx layout.pptx --out 
      layout.csv
    deps:
    - path: data/external/layout.pptx
      hash: md5
      md5: 55e04e045d92666cf03b5ca23ca1175a
      size: 310584
    - path: src/preprocess.py
      hash: md5
      md5: 25504e36fc80f73e6f120e31174ef08d
      size: 7687
